PODS:
  - file_picker (0.0.1):
    - Flutter
    - FlutterMacOS
  - Flutter (1.0.0)
  - share_plus (0.0.1):
    - Flutter
  - sqflite_darwin (0.0.4):
    - Flutter
    - FlutterMacOS

DEPENDENCIES:
  - file_picker (from `.symlinks/plugins/file_picker/darwin`)
  - Flutter (from `Flutter`)
  - share_plus (from `.symlinks/plugins/share_plus/ios`)
  - sqflite_darwin (from `.symlinks/plugins/sqflite_darwin/darwin`)

EXTERNAL SOURCES:
  file_picker:
    :path: ".symlinks/plugins/file_picker/darwin"
  Flutter:
    :path: Flutter
  share_plus:
    :path: ".symlinks/plugins/share_plus/ios"
  sqflite_darwin:
    :path: ".symlinks/plugins/sqflite_darwin/darwin"

SPEC CHECKSUMS:
  file_picker: 70164d9778c42c47218d6cd79ce435de0856b11a
  Flutter: cabc95a1d2626b1b06e7179b784ebcf0c0cde467
  share_plus: 50da8cb520a8f0f65671c6c6a99b3617ed10a58a
  sqflite_darwin: 20b2a3a3b70e43edae938624ce550a3cbf66a3d0

PODFILE CHECKSUM: fadf40eeda64962f2f3f27e82032447cdfb4eff9

COCOAPODS: 1.16.2
